<?xml version="1.0" encoding="UTF-8" standalone="yes" ?>
<CodeBlocks_project_file>
	<FileVersion major="1" minor="6" />
	<Project>
		<Option title="MuebleriaGrupo06" />
		<Option pch_mode="2" />
		<Option compiler="gcc" />
		<Build>
			<Target title="Debug">
				<Option output="bin/Debug/MuebleriaGrupo06" prefix_auto="1" extension_auto="1" />
				<Option object_output="obj/Debug/" />
				<Option type="1" />
				<Option compiler="gcc" />
				<Compiler>
					<Add option="-g" />
				</Compiler>
			</Target>
			<Target title="Release">
				<Option output="bin/Release/MuebleriaGrupo06" prefix_auto="1" extension_auto="1" />
				<Option object_output="obj/Release/" />
				<Option type="1" />
				<Option compiler="gcc" />
				<Compiler>
					<Add option="-O2" />
				</Compiler>
				<Linker>
					<Add option="-s" />
				</Linker>
			</Target>
		</Build>
		<Compiler>
			<Add option="-Wall" />
			<Add option="-fexceptions" />
		</Compiler>
		<Unit filename="Compra.cpp" />
		<Unit filename="Compra.h" />
		<Unit filename="ControladorCompra.cpp" />
		<Unit filename="ControladorCompra.h" />
		<Unit filename="ControladorProducto.cpp" />
		<Unit filename="ControladorProducto.h" />
		<Unit filename="ControladorProveedor.cpp" />
		<Unit filename="ControladorProveedor.h" />
		<Unit filename="Fecha.cpp" />
		<Unit filename="Fecha.h" />
		<Unit filename="Menu.cpp" />
		<Unit filename="Menu.h" />
		<Unit filename="MenuCompras.cpp" />
		<Unit filename="MenuCompras.h" />
		<Unit filename="MenuProductos.cpp" />
		<Unit filename="MenuProductos.h" />
		<Unit filename="MenuProveedores.cpp" />
		<Unit filename="MenuProveedores.h" />
		<Unit filename="MuebleriaGrupo06.cbp" />
		<Unit filename="MuebleriaGrupo06.depend" />
		<Unit filename="MuebleriaGrupo06.layout" />
		<Unit filename="Producto.cpp" />
		<Unit filename="Producto.h" />
		<Unit filename="Proveedor.cpp" />
		<Unit filename="Proveedor.h" />
		<Unit filename="categoria.h" />
		<Unit filename="main.cpp" />
		<Extensions>
			<lib_finder disable_auto="1" />
		</Extensions>
	</Project>
</CodeBlocks_project_file>
